symfony c2480c1e73879593ef6b88571fc733ada5a26bba
twig 2afc513620e7f8dadda92a0f4ed04cb157e048df
monolog b704c49a3051536f67f2d39f13568f74615b9922
doctrine-common b886898821288d305862ee9c567cc5b5cbb4c0dc
doctrine-dbal 64650385987dee6be046b8fa2485ff4d7663f814
doctrine 03d2b0f30c35d313339478d24337dd1a28a2f2f2
swiftmailer d02e07b2cc4e35234119033c6d0cc8805a893b11
assetic 4aeef88b7908510d0bcbbde357f0adf470534ed8
twig-extensions feb6d3f10c411e2631997c0a905aa581c80305c1
metadata 8717ad2a5689480765d9ffafe925cd8a2457e582
SensioFrameworkExtraBundle 1eda94d838aa885e154f92f426df35f2252cdb92
JMSSecurityExtraBundle e752f888c51425f71382c056961f10f2be642102
SensioDistributionBundle 41a6c5caed65f02bb09c95a90579f047616471fd
SensioGeneratorBundle 83b768a487a6878f2bc2ad6859bd61a3651a7885
AsseticBundle 41b5913b5086a0909af92adcb4a6005ee0051b16
FOSUserBundle b3dc5faf0017a621537dd5ec44047be5ad5bb82e
PropelBundle 2820ebcbf374ca494d56411e96d8abb3abc0791f
phing 742bd5caa1f59bc2413acc5c8bb5a46da81d4145
propel 3b15493e84b9a7e53efa5b4b59f3d013306291b0
TypehintableBehavior f7a1bf5357e335b1f25815c4ae2b0ca2c2f3463c
MopaBootstrapBundle 53180f598d128319ac611025117fec717469a6dc
twittersbootstrap aaabe2a46c64e7d9ffd5735dba2db4f3cf9906f5
TinymceBundle c4d1ffd17c480a97b23497daf4952b933a75dc7d